# This file is automatically @generated by Poetry 1.8.5 and should not be changed by hand.

[[package]]
name = "certifi"
version = "2025.1.31"
description = "Python package for providing Mozilla's CA Bundle."
optional = false
python-versions = ">=3.6"
files = [
    {file = "certifi-2025.1.31-py3-none-any.whl", hash = "sha256:ca78db4565a652026a4db2bcdf68f2fb589ea80d0be70e03929ed730746b84fe"},
    {file = "certifi-2025.1.31.tar.gz", hash = "sha256:3d5da6925056f6f18f119200434a4780a94263f10d1c21d032a6f6b2baa20651"},
]

[metadata]
lock-version = "2.0"
python-versions = ">=3.6,<4.0"
content-hash = "31e3132cacd689279dbfa7cef5ca29f606d97b886c7b2852aa908da3e001d7f0"
